NeoBundleLock neobundle.vim 0469b51d99cb52bf8d6c416b3ed6159a2cdaed9c
NeoBundleLock neocomplcache.vim 778181767467b8f8016828898779a646074d883a
NeoBundleLock neomru.vim e72bef33c7f6af3d17c9968f9ac7bb2fda2a2bde
NeoBundleLock neosnippet.vim e2c830db87e50e8cdb1128f3096664f68cb05cad
NeoBundleLock unite.vim 662f83d3789ecf320ddcb04f7023def3a8167802
